
Microsoft Visual Studio Solution File, Format Version 12.00
# Visual Studio Version 16
VisualStudioVersion = 16.0.29424.173
MinimumVisualStudioVersion = 10.0.40219.1
Project("{FAE04EC0-301F-11D3-BF4B-00C04F79EFBC}") = "AzureIdentityTest", "AzureIdentityTest\AzureIdentityTest.csproj", "{350183CE-0280-4EA9-86C4-284DC50ED973}"
EndProject
Global
	GlobalSection(SolutionConfigurationPlatforms) = preSolution
		Debug|Any CPU = Debug|Any CPU
		Release|Any CPU = Release|Any CPU
	EndGlobalSection
	GlobalSection(ProjectConfigurationPlatforms) = postSolution
		{350183CE-0280-4EA9-86C4-284DC50ED973}.Debug|Any CPU.ActiveCfg = Debug|Any CPU
		{350183CE-0280-4EA9-86C4-284DC50ED973}.Debug|Any CPU.Build.0 = Debug|Any CPU
		{350183CE-0280-4EA9-86C4-284DC50ED973}.Release|Any CPU.ActiveCfg = Release|Any CPU
		{350183CE-0280-4EA9-86C4-284DC50ED973}.Release|Any CPU.Build.0 = Release|Any CPU
	EndGlobalSection
	GlobalSection(SolutionProperties) = preSolution
		HideSolutionNode = FALSE
	EndGlobalSection
	GlobalSection(ExtensibilityGlobals) = postSolution
		SolutionGuid = {3465E512-7B75-46EC-9BF0-8FE64637FE89}
	EndGlobalSection
EndGlobal
